// !$*UTF8*$!
{
	archiveVersion = 1;
	classes = {
	};
	objectVersion = 46;
	objects = {

/* Begin PBXBuildFile section */
		CD1FC67B1E89803D00CABE1C /* CloudKit.framework in Frameworks */ = {isa = PBXBuildFile; fileRef = CD1FC67A1E89803D00CABE1C /* CloudKit.framework */; };
		CD1FC6811E8984DB00CABE1C /* CloudKit.swift in Sources */ = {isa = PBXBuildFile; fileRef = CD1FC6801E8984DB00CABE1C /* CloudKit.swift */; };
		CD1FC6831E898D2900CABE1C /* HomeViewController.swift in Sources */ = {isa = PBXBuildFile; fileRef = CD1FC6821E898D2900CABE1C /* HomeViewController.swift */; };
		CD2B1F941E897EF0006B835A /* AppDelegate.swift in Sources */ = {isa = PBXBuildFile; fileRef = CD2B1F931E897EF0006B835A /* AppDelegate.swift */; };
		CD2B1F991E897EF0006B835A /* Main.storyboard in Resources */ = {isa = PBXBuildFile; fileRef = CD2B1F971E897EF0006B835A /* Main.storyboard */; };
		CD2B1F9B1E897EF0006B835A /* Assets.xcassets in Resources */ = {isa = PBXBuildFile; fileRef = CD2B1F9A1E897EF0006B835A /* Assets.xcassets */; };
		CD2B1F9E1E897EF0006B835A /* LaunchScreen.storyboard in Resources */ = {isa = PBXBuildFile; fileRef = CD2B1F9C1E897EF0006B835A /* LaunchScreen.storyboard */; };
		CDF6899D1E8AD0E10077412B /* Post.swift in Sources */ = {isa = PBXBuildFile; fileRef = CDF6899C1E8AD0E10077412B /* Post.swift */; };
		CDF6899F1E8AD37F0077412B /* UIExtensions.swift in Sources */ = {isa = PBXBuildFile; fileRef = CDF6899E1E8AD37F0077412B /* UIExtensions.swift */; };
		CDF689A11E8AE7190077412B /* Filters.swift in Sources */ = {isa = PBXBuildFile; fileRef = CDF689A01E8AE7190077412B /* Filters.swift */; };
/* End PBXBuildFile section */

/* Begin PBXFileReference section */
		CD1FC67A1E89803D00CABE1C /* CloudKit.framework */ = {isa = PBXFileReference; lastKnownFileType = wrapper.framework; name = CloudKit.framework; path = System/Library/Frameworks/CloudKit.framework; sourceTree = SDKROOT; };
		CD1FC6801E8984DB00CABE1C /* CloudKit.swift */ = {isa = PBXFileReference; fileEncoding = 4; lastKnownFileType = sourcecode.swift; path = CloudKit.swift; sourceTree = "<group>"; };
		CD1FC6821E898D2900CABE1C /* HomeViewController.swift */ = {isa = PBXFileReference; fileEncoding = 4; lastKnownFileType = sourcecode.swift; path = HomeViewController.swift; sourceTree = "<group>"; };
		CD2B1F901E897EF0006B835A /* PicFeed.app */ = {isa = PBXFileReference; explicitFileType = wrapper.application; includeInIndex = 0; path = PicFeed.app; sourceTree = BUILT_PRODUCTS_DIR; };
		CD2B1F931E897EF0006B835A /* AppDelegate.swift */ = {isa = PBXFileReference; lastKnownFileType = sourcecode.swift; path = AppDelegate.swift; sourceTree = "<group>"; };
		CD2B1F981E897EF0006B835A /* Base */ = {isa = PBXFileReference; lastKnownFileType = file.storyboard; name = Base; path = Base.lproj/Main.storyboard; sourceTree = "<group>"; };
		CD2B1F9A1E897EF0006B835A /* Assets.xcassets */ = {isa = PBXFileReference; lastKnownFileType = folder.assetcatalog; path = Assets.xcassets; sourceTree = "<group>"; };
		CD2B1F9D1E897EF0006B835A /* Base */ = {isa = PBXFileReference; lastKnownFileType = file.storyboard; name = Base; path = Base.lproj/LaunchScreen.storyboard; sourceTree = "<group>"; };
		CD2B1F9F1E897EF0006B835A /* Info.plist */ = {isa = PBXFileReference; lastKnownFileType = text.plist.xml; path = Info.plist; sourceTree = "<group>"; };
		CD2B1FA51E897F99006B835A /* PicFeed.entitlements */ = {isa = PBXFileReference; lastKnownFileType = text.plist.entitlements; path = PicFeed.entitlements; sourceTree = "<group>"; };
		CDF6899C1E8AD0E10077412B /* Post.swift */ = {isa = PBXFileReference; fileEncoding = 4; lastKnownFileType = sourcecode.swift; path = Post.swift; sourceTree = "<group>"; };
		CDF6899E1E8AD37F0077412B /* UIExtensions.swift */ = {isa = PBXFileReference; fileEncoding = 4; lastKnownFileType = sourcecode.swift; path = UIExtensions.swift; sourceTree = "<group>"; };
		CDF689A01E8AE7190077412B /* Filters.swift */ = {isa = PBXFileReference; fileEncoding = 4; lastKnownFileType = sourcecode.swift; path = Filters.swift; sourceTree = "<group>"; };
/* End PBXFileReference section */

/* Begin PBXFrameworksBuildPhase section */
		CD2B1F8D1E897EF0006B835A /* Frameworks */ = {
			isa = PBXFrameworksBuildPhase;
			buildActionMask = 2147483647;
			files = (
				CD1FC67B1E89803D00CABE1C /* CloudKit.framework in Frameworks */,
			);
			runOnlyForDeploymentPostprocessing = 0;
		};
/* End PBXFrameworksBuildPhase section */

/* Begin PBXGroup section */
		CD1FC6791E89803D00CABE1C /* Frameworks */ = {
			isa = PBXGroup;
			children = (
				CD1FC67A1E89803D00CABE1C /* CloudKit.framework */,
			);
			name = Frameworks;
			sourceTree = "<group>";
		};
		CD1FC67C1E89820900CABE1C /* Supporting */ = {
			isa = PBXGroup;
			children = (
				CD2B1FA51E897F99006B835A /* PicFeed.entitlements */,
				CD2B1F9C1E897EF0006B835A /* LaunchScreen.storyboard */,
				CD2B1F9F1E897EF0006B835A /* Info.plist */,
			);
			name = Supporting;
			sourceTree = "<group>";
		};
		CD1FC67D1E89823400CABE1C /* Controllers */ = {
			isa = PBXGroup;
			children = (
				CD2B1F931E897EF0006B835A /* AppDelegate.swift */,
				CD1FC6821E898D2900CABE1C /* HomeViewController.swift */,
				CD1FC6801E8984DB00CABE1C /* CloudKit.swift */,
			);
			name = Controllers;
			sourceTree = "<group>";
		};
		CD1FC67E1E89825500CABE1C /* Views */ = {
			isa = PBXGroup;
			children = (
				CD2B1F971E897EF0006B835A /* Main.storyboard */,
				CD2B1F9A1E897EF0006B835A /* Assets.xcassets */,
			);
			name = Views;
			sourceTree = "<group>";
		};
		CD1FC67F1E89829E00CABE1C /* Model */ = {
			isa = PBXGroup;
			children = (
				CDF689A01E8AE7190077412B /* Filters.swift */,
				CDF6899C1E8AD0E10077412B /* Post.swift */,
				CDF6899E1E8AD37F0077412B /* UIExtensions.swift */,
			);
			name = Model;
			sourceTree = "<group>";
		};
		CD2B1F871E897EF0006B835A = {
			isa = PBXGroup;
			children = (
				CD2B1F921E897EF0006B835A /* PicFeed */,
				CD2B1F911E897EF0006B835A /* Products */,
				CD1FC6791E89803D00CABE1C /* Frameworks */,
			);
			sourceTree = "<group>";
		};
		CD2B1F911E897EF0006B835A /* Products */ = {
			isa = PBXGroup;
			children = (
				CD2B1F901E897EF0006B835A /* PicFeed.app */,
			);
			name = Products;
			sourceTree = "<group>";
		};
		CD2B1F921E897EF0006B835A /* PicFeed */ = {
			isa = PBXGroup;
			children = (
				CD1FC67F1E89829E00CABE1C /* Model */,
				CD1FC67D1E89823400CABE1C /* Controllers */,
				CD1FC67E1E89825500CABE1C /* Views */,
				CD1FC67C1E89820900CABE1C /* Supporting */,
			);
			path = PicFeed;
			sourceTree = "<group>";
		};
/* End PBXGroup section */

/* Begin PBXNativeTarget section */
		CD2B1F8F1E897EF0006B835A /* PicFeed */ = {
			isa = PBXNativeTarget;
			buildConfigurationList = CD2B1FA21E897EF0006B835A /* Build configuration list for PBXNativeTarget "PicFeed" */;
			buildPhases = (
				CD2B1F8C1E897EF0006B835A /* Sources */,
				CD2B1F8D1E897EF0006B835A /* Frameworks */,
				CD2B1F8E1E897EF0006B835A /* Resources */,
			);
			buildRules = (
			);
			dependencies = (
			);
			name = PicFeed;
			productName = PicFeed;
			productReference = CD2B1F901E897EF0006B835A /* PicFeed.app */;
			productType = "com.apple.product-type.application";
		};
/* End PBXNativeTarget section */

/* Begin PBXProject section */
		CD2B1F881E897EF0006B835A /* Project object */ = {
			isa = PBXProject;
			attributes = {
				LastSwiftUpdateCheck = 0820;
				LastUpgradeCheck = 0820;
				ORGANIZATIONNAME = "Elyanil Liranzo Castro";
				TargetAttributes = {
					CD2B1F8F1E897EF0006B835A = {
						CreatedOnToolsVersion = 8.2.1;
						DevelopmentTeam = 6EJN6WTQBM;
						ProvisioningStyle = Automatic;
						SystemCapabilities = {
							com.apple.Push = {
								enabled = 1;
							};
							com.apple.iCloud = {
								enabled = 1;
							};
						};
					};
				};
			};
			buildConfigurationList = CD2B1F8B1E897EF0006B835A /* Build configuration list for PBXProject "PicFeed" */;
			compatibilityVersion = "Xcode 3.2";
			developmentRegion = English;
			hasScannedForEncodings = 0;
			knownRegions = (
				en,
				Base,
			);
			mainGroup = CD2B1F871E897EF0006B835A;
			productRefGroup = CD2B1F911E897EF0006B835A /* Products */;
			projectDirPath = "";
			projectRoot = "";
			targets = (
				CD2B1F8F1E897EF0006B835A /* PicFeed */,
			);
		};
/* End PBXProject section */

/* Begin PBXResourcesBuildPhase section */
		CD2B1F8E1E897EF0006B835A /* Resources */ = {
			isa = PBXResourcesBuildPhase;
			buildActionMask = 2147483647;
			files = (
				CD2B1F9E1E897EF0006B835A /* LaunchScreen.storyboard in Resources */,
				CD2B1F9B1E897EF0006B835A /* Assets.xcassets in Resources */,
				CD2B1F991E897EF0006B835A /* Main.storyboard in Resources */,
			);
			runOnlyForDeploymentPostprocessing = 0;
		};
/* End PBXResourcesBuildPhase section */

/* Begin PBXSourcesBuildPhase section */
		CD2B1F8C1E897EF0006B835A /* Sources */ = {
			isa = PBXSourcesBuildPhase;
			buildActionMask = 2147483647;
			files = (
				CD1FC6811E8984DB00CABE1C /* CloudKit.swift in Sources */,
				CD2B1F941E897EF0006B835A /* AppDelegate.swift in Sources */,
				CD1FC6831E898D2900CABE1C /* HomeViewController.swift in Sources */,
				CDF689A11E8AE7190077412B /* Filters.swift in Sources */,
				CDF6899F1E8AD37F0077412B /* UIExtensions.swift in Sources */,
				CDF6899D1E8AD0E10077412B /* Post.swift in Sources */,
			);
			runOnlyForDeploymentPostprocessing = 0;
		};
/* End PBXSourcesBuildPhase section */

/* Begin PBXVariantGroup section */
		CD2B1F971E897EF0006B835A /* Main.storyboard */ = {
			isa = PBXVariantGroup;
			children = (
				CD2B1F981E897EF0006B835A /* Base */,
			);
			name = Main.storyboard;
			sourceTree = "<group>";
		};
		CD2B1F9C1E897EF0006B835A /* LaunchScreen.storyboard */ = {
			isa = PBXVariantGroup;
			children = (
				CD2B1F9D1E897EF0006B835A /* Base */,
			);
			name = LaunchScreen.storyboard;
			sourceTree = "<group>";
		};
/* End PBXVariantGroup section */

/* Begin XCBuildConfiguration section */
		CD2B1FA01E897EF0006B835A /* Debug */ = {
			isa = XCBuildConfiguration;
			buildSettings = {
				ALWAYS_SEARCH_USER_PATHS = NO;
				CLANG_ANALYZER_NONNULL = YES;
				CLANG_CXX_LANGUAGE_STANDARD = "gnu++0x";
				CLANG_CXX_LIBRARY = "libc++";
				CLANG_ENABLE_MODULES = YES;
				CLANG_ENABLE_OBJC_ARC = YES;
				CLANG_WARN_BOOL_CONVERSION = YES;
				CLANG_WARN_CONSTANT_CONVERSION = YES;
				CLANG_WARN_DIRECT_OBJC_ISA_USAGE = YES_ERROR;
				CLANG_WARN_DOCUMENTATION_COMMENTS = YES;
				CLANG_WARN_EMPTY_BODY = YES;
				CLANG_WARN_ENUM_CONVERSION = YES;
				CLANG_WARN_INFINITE_RECURSION = YES;
				CLANG_WARN_INT_CONVERSION = YES;
				CLANG_WARN_OBJC_ROOT_CLASS = YES_ERROR;
				CLANG_WARN_SUSPICIOUS_MOVE = YES;
				CLANG_WARN_UNREACHABLE_CODE = YES;
				CLANG_WARN__DUPLICATE_METHOD_MATCH = YES;
				"CODE_SIGN_IDENTITY[sdk=iphoneos*]" = "iPhone Developer";
				COPY_PHASE_STRIP = NO;
				DEBUG_INFORMATION_FORMAT = dwarf;
				ENABLE_STRICT_OBJC_MSGSEND = YES;
				ENABLE_TESTABILITY = YES;
				GCC_C_LANGUAGE_STANDARD = gnu99;
				GCC_DYNAMIC_NO_PIC = NO;
				GCC_NO_COMMON_BLOCKS = YES;
				GCC_OPTIMIZATION_LEVEL = 0;
				GCC_PREPROCESSOR_DEFINITIONS = (
					"DEBUG=1",
					"$(inherited)",
				);
				GCC_WARN_64_TO_32_BIT_CONVERSION = YES;
				GCC_WARN_ABOUT_RETURN_TYPE = YES_ERROR;
				GCC_WARN_UNDECLARED_SELECTOR = YES;
				GCC_WARN_UNINITIALIZED_AUTOS = YES_AGGRESSIVE;
				GCC_WARN_UNUSED_FUNCTION = YES;
				GCC_WARN_UNUSED_VARIABLE = YES;
				IPHONEOS_DEPLOYMENT_TARGET = 10.2;
				MTL_ENABLE_DEBUG_INFO = YES;
				ONLY_ACTIVE_ARCH = YES;
				SDKROOT = iphoneos;
				SWIFT_ACTIVE_COMPILATION_CONDITIONS = DEBUG;
				SWIFT_OPTIMIZATION_LEVEL = "-Onone";
				TARGETED_DEVICE_FAMILY = "1,2";
			};
			name = Debug;
		};
		CD2B1FA11E897EF0006B835A /* Release */ = {
			isa = XCBuildConfiguration;
			buildSettings = {
				ALWAYS_SEARCH_USER_PATHS = NO;
				CLANG_ANALYZER_NONNULL = YES;
				CLANG_CXX_LANGUAGE_STANDARD = "gnu++0x";
				CLANG_CXX_LIBRARY = "libc++";
				CLANG_ENABLE_MODULES = YES;
				CLANG_ENABLE_OBJC_ARC = YES;
				CLANG_WARN_BOOL_CONVERSION = YES;
				CLANG_WARN_CONSTANT_CONVERSION = YES;
				CLANG_WARN_DIRECT_OBJC_ISA_USAGE = YES_ERROR;
				CLANG_WARN_DOCUMENTATION_COMMENTS = YES;
				CLANG_WARN_EMPTY_BODY = YES;
				CLANG_WARN_ENUM_CONVERSION = YES;
				CLANG_WARN_INFINITE_RECURSION = YES;
				CLANG_WARN_INT_CONVERSION = YES;
				CLANG_WARN_OBJC_ROOT_CLASS = YES_ERROR;
				CLANG_WARN_SUSPICIOUS_MOVE = YES;
				CLANG_WARN_UNREACHABLE_CODE = YES;
				CLANG_WARN__DUPLICATE_METHOD_MATCH = YES;
				"CODE_SIGN_IDENTITY[sdk=iphoneos*]" = "iPhone Developer";
				COPY_PHASE_STRIP = NO;
				DEBUG_INFORMATION_FORMAT = "dwarf-with-dsym";
				ENABLE_NS_ASSERTIONS = NO;
				ENABLE_STRICT_OBJC_MSGSEND = YES;
				GCC_C_LANGUAGE_STANDARD = gnu99;
				GCC_NO_COMMON_BLOCKS = YES;
				GCC_WARN_64_TO_32_BIT_CONVERSION = YES;
				GCC_WARN_ABOUT_RETURN_TYPE = YES_ERROR;
				GCC_WARN_UNDECLARED_SELECTOR = YES;
				GCC_WARN_UNINITIALIZED_AUTOS = YES_AGGRESSIVE;
				GCC_WARN_UNUSED_FUNCTION = YES;
				GCC_WARN_UNUSED_VARIABLE = YES;
				IPHONEOS_DEPLOYMENT_TARGET = 10.2;
				MTL_ENABLE_DEBUG_INFO = NO;
				SDKROOT = iphoneos;
				SWIFT_OPTIMIZATION_LEVEL = "-Owholemodule";
				TARGETED_DEVICE_FAMILY = "1,2";
				VALIDATE_PRODUCT = YES;
			};
			name = Release;
		};
		CD2B1FA31E897EF0006B835A /* Debug */ = {
			isa = XCBuildConfiguration;
			buildSettings = {
				ASSETCATALOG_COMPILER_APPICON_NAME = AppIcon;
				CODE_SIGN_ENTITLEMENTS = PicFeed/PicFeed.entitlements;
				DEVELOPMENT_TEAM = 6EJN6WTQBM;
				INFOPLIST_FILE = PicFeed/Info.plist;
				LD_RUNPATH_SEARCH_PATHS = "$(inherited) @executable_path/Frameworks";
				PRODUCT_BUNDLE_IDENTIFIER = com.elyaniliranzocastro.PicFeed;
				PRODUCT_NAME = "$(TARGET_NAME)";
				SWIFT_VERSION = 3.0;
			};
			name = Debug;
		};
		CD2B1FA41E897EF0006B835A /* Release */ = {
			isa = XCBuildConfiguration;
			buildSettings = {
				ASSETCATALOG_COMPILER_APPICON_NAME = AppIcon;
				CODE_SIGN_ENTITLEMENTS = PicFeed/PicFeed.entitlements;
				DEVELOPMENT_TEAM = 6EJN6WTQBM;
				INFOPLIST_FILE = PicFeed/Info.plist;
				LD_RUNPATH_SEARCH_PATHS = "$(inherited) @executable_path/Frameworks";
				PRODUCT_BUNDLE_IDENTIFIER = com.elyaniliranzocastro.PicFeed;
				PRODUCT_NAME = "$(TARGET_NAME)";
				SWIFT_VERSION = 3.0;
			};
			name = Release;
		};
/* End XCBuildConfiguration section */

/* Begin XCConfigurationList section */
		CD2B1F8B1E897EF0006B835A /* Build configuration list for PBXProject "PicFeed" */ = {
			isa = XCConfigurationList;
			buildConfigurations = (
				CD2B1FA01E897EF0006B835A /* Debug */,
				CD2B1FA11E897EF0006B835A /* Release */,
			);
			defaultConfigurationIsVisible = 0;
			defaultConfigurationName = Release;
		};
		CD2B1FA21E897EF0006B835A /* Build configuration list for PBXNativeTarget "PicFeed" */ = {
			isa = XCConfigurationList;
			buildConfigurations = (
				CD2B1FA31E897EF0006B835A /* Debug */,
				CD2B1FA41E897EF0006B835A /* Release */,
			);
			defaultConfigurationIsVisible = 0;
			defaultConfigurationName = Release;
		};
/* End XCConfigurationList section */
	};
	rootObject = CD2B1F881E897EF0006B835A /* Project object */;
}
